
Microsoft Visual Studio Solution File, Format Version 12.00
# Visual Studio 15
VisualStudioVersion = 15.0.27130.2027
MinimumVisualStudioVersion = 10.0.40219.1
Project("{FAE04EC0-301F-11D3-BF4B-00C04F79EFBC}") = "CvDetection", "CvDetection\CvDetection.csproj", "{0C7F3F1A-001C-4501-A927-3892A0A96218}"
EndProject
Global
	GlobalSection(SolutionConfigurationPlatforms) = preSolution
		Debug|Any CPU = Debug|Any CPU
		Release|Any CPU = Release|Any CPU
	EndGlobalSection
	GlobalSection(ProjectConfigurationPlatforms) = postSolution
		{0C7F3F1A-001C-4501-A927-3892A0A96218}.Debug|Any CPU.ActiveCfg = Debug|Any CPU
		{0C7F3F1A-001C-4501-A927-3892A0A96218}.Debug|Any CPU.Build.0 = Debug|Any CPU
		{0C7F3F1A-001C-4501-A927-3892A0A96218}.Release|Any CPU.ActiveCfg = Release|Any CPU
		{0C7F3F1A-001C-4501-A927-3892A0A96218}.Release|Any CPU.Build.0 = Release|Any CPU
	EndGlobalSection
	GlobalSection(SolutionProperties) = preSolution
		HideSolutionNode = FALSE
	EndGlobalSection
	GlobalSection(ExtensibilityGlobals) = postSolution
		SolutionGuid = {9BFD5DCE-C4E3-483D-BD6F-F3B798ADB008}
	EndGlobalSection
EndGlobal
